
Microsoft Visual Studio Solution File, Format Version 12.00
# Visual Studio 15
Project("{FAE04EC0-301F-11D3-BF4B-00C04F79EFBC}") = "Assembly-CSharp-Editor-firstpass", "Assembly-CSharp-Editor-firstpass.csproj", "{C6F37665-517B-DD54-9A07-228324FC1A4A}"
EndProject
Project("{FAE04EC0-301F-11D3-BF4B-00C04F79EFBC}") = "Assembly-CSharp", "Assembly-CSharp.csproj", "{837490D1-B024-6CA6-2B3D-EE920AAE1EAF}"
EndProject
Project("{FAE04EC0-301F-11D3-BF4B-00C04F79EFBC}") = "Assembly-CSharp-firstpass", "Assembly-CSharp-firstpass.csproj", "{327C7A37-6A8A-08D6-722B-C3F246E7327F}"
EndProject
Global
	GlobalSection(SolutionConfigurationPlatforms) = preSolution
		Debug|Any CPU = Debug|Any CPU
		Release|Any CPU = Release|Any CPU
	EndGlobalSection
	GlobalSection(ProjectConfigurationPlatforms) = postSolution
		{C6F37665-517B-DD54-9A07-228324FC1A4A}.Debug|Any CPU.ActiveCfg = Debug|Any CPU
		{C6F37665-517B-DD54-9A07-228324FC1A4A}.Debug|Any CPU.Build.0 = Debug|Any CPU
		{C6F37665-517B-DD54-9A07-228324FC1A4A}.Release|Any CPU.ActiveCfg = Release|Any CPU
		{C6F37665-517B-DD54-9A07-228324FC1A4A}.Release|Any CPU.Build.0 = Release|Any CPU
		{837490D1-B024-6CA6-2B3D-EE920AAE1EAF}.Debug|Any CPU.ActiveCfg = Debug|Any CPU
		{837490D1-B024-6CA6-2B3D-EE920AAE1EAF}.Debug|Any CPU.Build.0 = Debug|Any CPU
		{837490D1-B024-6CA6-2B3D-EE920AAE1EAF}.Release|Any CPU.ActiveCfg = Release|Any CPU
		{837490D1-B024-6CA6-2B3D-EE920AAE1EAF}.Release|Any CPU.Build.0 = Release|Any CPU
		{327C7A37-6A8A-08D6-722B-C3F246E7327F}.Debug|Any CPU.ActiveCfg = Debug|Any CPU
		{327C7A37-6A8A-08D6-722B-C3F246E7327F}.Debug|Any CPU.Build.0 = Debug|Any CPU
		{327C7A37-6A8A-08D6-722B-C3F246E7327F}.Release|Any CPU.ActiveCfg = Release|Any CPU
		{327C7A37-6A8A-08D6-722B-C3F246E7327F}.Release|Any CPU.Build.0 = Release|Any CPU
	EndGlobalSection
	GlobalSection(SolutionProperties) = preSolution
		HideSolutionNode = FALSE
	EndGlobalSection
EndGlobal
